
Microsoft Visual Studio Solution File, Format Version 12.00
# Visual Studio Version 17
VisualStudioVersion = 17.14.36414.22
MinimumVisualStudioVersion = 10.0.40219.1
Project("{9A19103F-16F7-4668-BE54-9A1E7A4F7556}") = "Brute-Force-password-cracker", "Brute-Force-password-cracker\Brute-Force-password-cracker.csproj", "{9806DE6E-6CBE-4316-8B19-60C343C267C6}"
EndProject
Project("{FAE04EC0-301F-11D3-BF4B-00C04F79EFBC}") = "BruteForce.Tests", "BruteForce.Tests\BruteForce.Tests.csproj", "{F09E5070-3C10-4A5B-B8F9-CD0CCE3D5004}"
	ProjectSection(ProjectDependencies) = postProject
		{9806DE6E-6CBE-4316-8B19-60C343C267C6} = {9806DE6E-6CBE-4316-8B19-60C343C267C6}
	EndProjectSection
EndProject
Global
	GlobalSection(SolutionConfigurationPlatforms) = preSolution
		Debug|Any CPU = Debug|Any CPU
		Release|Any CPU = Release|Any CPU
	EndGlobalSection
	GlobalSection(ProjectConfigurationPlatforms) = postSolution
		{9806DE6E-6CBE-4316-8B19-60C343C267C6}.Debug|Any CPU.ActiveCfg = Debug|Any CPU
		{9806DE6E-6CBE-4316-8B19-60C343C267C6}.Debug|Any CPU.Build.0 = Debug|Any CPU
		{9806DE6E-6CBE-4316-8B19-60C343C267C6}.Release|Any CPU.ActiveCfg = Release|Any CPU
		{9806DE6E-6CBE-4316-8B19-60C343C267C6}.Release|Any CPU.Build.0 = Release|Any CPU
		{F09E5070-3C10-4A5B-B8F9-CD0CCE3D5004}.Debug|Any CPU.ActiveCfg = Debug|Any CPU
		{F09E5070-3C10-4A5B-B8F9-CD0CCE3D5004}.Debug|Any CPU.Build.0 = Debug|Any CPU
		{F09E5070-3C10-4A5B-B8F9-CD0CCE3D5004}.Release|Any CPU.ActiveCfg = Release|Any CPU
		{F09E5070-3C10-4A5B-B8F9-CD0CCE3D5004}.Release|Any CPU.Build.0 = Release|Any CPU
	EndGlobalSection
	GlobalSection(SolutionProperties) = preSolution
		HideSolutionNode = FALSE
	EndGlobalSection
	GlobalSection(ExtensibilityGlobals) = postSolution
		SolutionGuid = {42A1E137-A8F9-4AD4-BCCE-DB05F9E50D6A}
	EndGlobalSection
EndGlobal
